
Microsoft Visual Studio Solution File, Format Version 12.00
# Visual Studio 15
Project("{FAE04EC0-301F-11D3-BF4B-00C04F79EFBC}") = "Assembly-CSharp", "Assembly-CSharp.csproj", "{029BDDAF-F8A8-8611-6630-904CEC033864}"
EndProject
Project("{FAE04EC0-301F-11D3-BF4B-00C04F79EFBC}") = "Assembly-CSharp-Editor-firstpass", "Assembly-CSharp-Editor-firstpass.csproj", "{3FC7CB89-79C9-FAC2-598E-63CAD8A035E3}"
EndProject
Global
	GlobalSection(SolutionConfigurationPlatforms) = preSolution
		Debug|Any CPU = Debug|Any CPU
		Release|Any CPU = Release|Any CPU
	EndGlobalSection
	GlobalSection(ProjectConfigurationPlatforms) = postSolution
		{029BDDAF-F8A8-8611-6630-904CEC033864}.Debug|Any CPU.ActiveCfg = Debug|Any CPU
		{029BDDAF-F8A8-8611-6630-904CEC033864}.Debug|Any CPU.Build.0 = Debug|Any CPU
		{029BDDAF-F8A8-8611-6630-904CEC033864}.Release|Any CPU.ActiveCfg = Release|Any CPU
		{029BDDAF-F8A8-8611-6630-904CEC033864}.Release|Any CPU.Build.0 = Release|Any CPU
		{3FC7CB89-79C9-FAC2-598E-63CAD8A035E3}.Debug|Any CPU.ActiveCfg = Debug|Any CPU
		{3FC7CB89-79C9-FAC2-598E-63CAD8A035E3}.Debug|Any CPU.Build.0 = Debug|Any CPU
		{3FC7CB89-79C9-FAC2-598E-63CAD8A035E3}.Release|Any CPU.ActiveCfg = Release|Any CPU
		{3FC7CB89-79C9-FAC2-598E-63CAD8A035E3}.Release|Any CPU.Build.0 = Release|Any CPU
	EndGlobalSection
	GlobalSection(SolutionProperties) = preSolution
		HideSolutionNode = FALSE
	EndGlobalSection
EndGlobal
